
Microsoft Visual Studio Solution File, Format Version 12.00
# Visual Studio Version 17
VisualStudioVersion = 17.3.32929.385
MinimumVisualStudioVersion = 10.0.40219.1
Project("{FAE04EC0-301F-11D3-BF4B-00C04F79EFBC}") = "Week4Lesson7", "Week4Lesson7\Week4Lesson7.csproj", "{6130D748-8DA1-4268-A84A-2B7B3BCA1721}"
EndProject
Global
	GlobalSection(SolutionConfigurationPlatforms) = preSolution
		Debug|Any CPU = Debug|Any CPU
		Release|Any CPU = Release|Any CPU
	EndGlobalSection
	GlobalSection(ProjectConfigurationPlatforms) = postSolution
		{6130D748-8DA1-4268-A84A-2B7B3BCA1721}.Debug|Any CPU.ActiveCfg = Debug|Any CPU
		{6130D748-8DA1-4268-A84A-2B7B3BCA1721}.Debug|Any CPU.Build.0 = Debug|Any CPU
		{6130D748-8DA1-4268-A84A-2B7B3BCA1721}.Release|Any CPU.ActiveCfg = Release|Any CPU
		{6130D748-8DA1-4268-A84A-2B7B3BCA1721}.Release|Any CPU.Build.0 = Release|Any CPU
	EndGlobalSection
	GlobalSection(SolutionProperties) = preSolution
		HideSolutionNode = FALSE
	EndGlobalSection
	GlobalSection(ExtensibilityGlobals) = postSolution
		SolutionGuid = {A066A459-3719-46FD-8BA1-BCE0A0F434D3}
	EndGlobalSection
EndGlobal
